
Microsoft Visual Studio Solution File, Format Version 12.00
# Visual Studio 15
VisualStudioVersion = 15.0.28307.960
MinimumVisualStudioVersion = 10.0.40219.1
Project("{F2A71F9B-5D33-465A-A702-920D77279786}") = "FSharpProjects", "FSharpProjects\FSharpProjects.fsproj", "{2B3E8FCE-0BCD-4348-90A3-64F12F28FF60}"
EndProject
Global
	GlobalSection(SolutionConfigurationPlatforms) = preSolution
		Debug|Any CPU = Debug|Any CPU
		Release|Any CPU = Release|Any CPU
	EndGlobalSection
	GlobalSection(ProjectConfigurationPlatforms) = postSolution
		{2B3E8FCE-0BCD-4348-90A3-64F12F28FF60}.Debug|Any CPU.ActiveCfg = Debug|Any CPU
		{2B3E8FCE-0BCD-4348-90A3-64F12F28FF60}.Debug|Any CPU.Build.0 = Debug|Any CPU
		{2B3E8FCE-0BCD-4348-90A3-64F12F28FF60}.Release|Any CPU.ActiveCfg = Release|Any CPU
		{2B3E8FCE-0BCD-4348-90A3-64F12F28FF60}.Release|Any CPU.Build.0 = Release|Any CPU
	EndGlobalSection
	GlobalSection(SolutionProperties) = preSolution
		HideSolutionNode = FALSE
	EndGlobalSection
	GlobalSection(ExtensibilityGlobals) = postSolution
		SolutionGuid = {86D7B1B8-27A3-40B3-81B7-FE808894EC86}
	EndGlobalSection
EndGlobal
