
Microsoft Visual Studio Solution File, Format Version 12.00
# Visual Studio Version 16
VisualStudioVersion = 16.0.29613.14
MinimumVisualStudioVersion = 10.0.40219.1
Project("{F2A71F9B-5D33-465A-A702-920D77279786}") = "LearningFSharp", "LearningFSharp\LearningFSharp.fsproj", "{F2646D77-DE47-42E8-82CA-CD83709222EA}"
EndProject
Global
	GlobalSection(SolutionConfigurationPlatforms) = preSolution
		Debug|Any CPU = Debug|Any CPU
		Release|Any CPU = Release|Any CPU
	EndGlobalSection
	GlobalSection(ProjectConfigurationPlatforms) = postSolution
		{F2646D77-DE47-42E8-82CA-CD83709222EA}.Debug|Any CPU.ActiveCfg = Debug|Any CPU
		{F2646D77-DE47-42E8-82CA-CD83709222EA}.Debug|Any CPU.Build.0 = Debug|Any CPU
		{F2646D77-DE47-42E8-82CA-CD83709222EA}.Release|Any CPU.ActiveCfg = Release|Any CPU
		{F2646D77-DE47-42E8-82CA-CD83709222EA}.Release|Any CPU.Build.0 = Release|Any CPU
	EndGlobalSection
	GlobalSection(SolutionProperties) = preSolution
		HideSolutionNode = FALSE
	EndGlobalSection
	GlobalSection(ExtensibilityGlobals) = postSolution
		SolutionGuid = {7E0B2E92-D5FB-431A-AF49-0DF667E2D659}
	EndGlobalSection
EndGlobal
